
Microsoft Visual Studio Solution File, Format Version 12.00
# Visual Studio Version 17
VisualStudioVersion = 17.0.31903.59
MinimumVisualStudioVersion = 10.0.40219.1
Project("{FAE04EC0-301F-11D3-BF4B-00C04F79EFBC}") = "Indentr.Core", "Indentr.Core\Indentr.Core.csproj", "{F793E6D4-1919-4E85-AB34-207233FE164A}"
EndProject
Project("{FAE04EC0-301F-11D3-BF4B-00C04F79EFBC}") = "Indentr.Data", "Indentr.Data\Indentr.Data.csproj", "{B00E89F5-C156-4AAE-8BDF-D268DC1B87A1}"
EndProject
Project("{FAE04EC0-301F-11D3-BF4B-00C04F79EFBC}") = "Indentr.UI", "Indentr.UI\Indentr.UI.csproj", "{9C0F1BBA-BBBC-47D2-94AD-F930D27B19A3}"
EndProject
Project("{FAE04EC0-301F-11D3-BF4B-00C04F79EFBC}") = "Indentr.Tests", "Indentr.Tests\Indentr.Tests.csproj", "{3EC58502-E009-45C4-8997-0C93D068590B}"
EndProject
Global
	GlobalSection(SolutionConfigurationPlatforms) = preSolution
		Debug|Any CPU = Debug|Any CPU
		Debug|x64 = Debug|x64
		Debug|x86 = Debug|x86
		Release|Any CPU = Release|Any CPU
		Release|x64 = Release|x64
		Release|x86 = Release|x86
	EndGlobalSection
	GlobalSection(ProjectConfigurationPlatforms) = postSolution
		{F793E6D4-1919-4E85-AB34-207233FE164A}.Debug|Any CPU.ActiveCfg = Debug|Any CPU
		{F793E6D4-1919-4E85-AB34-207233FE164A}.Debug|Any CPU.Build.0 = Debug|Any CPU
		{F793E6D4-1919-4E85-AB34-207233FE164A}.Debug|x64.ActiveCfg = Debug|Any CPU
		{F793E6D4-1919-4E85-AB34-207233FE164A}.Debug|x64.Build.0 = Debug|Any CPU
		{F793E6D4-1919-4E85-AB34-207233FE164A}.Debug|x86.ActiveCfg = Debug|Any CPU
		{F793E6D4-1919-4E85-AB34-207233FE164A}.Debug|x86.Build.0 = Debug|Any CPU
		{F793E6D4-1919-4E85-AB34-207233FE164A}.Release|Any CPU.ActiveCfg = Release|Any CPU
		{F793E6D4-1919-4E85-AB34-207233FE164A}.Release|Any CPU.Build.0 = Release|Any CPU
		{F793E6D4-1919-4E85-AB34-207233FE164A}.Release|x64.ActiveCfg = Release|Any CPU
		{F793E6D4-1919-4E85-AB34-207233FE164A}.Release|x64.Build.0 = Release|Any CPU
		{F793E6D4-1919-4E85-AB34-207233FE164A}.Release|x86.ActiveCfg = Release|Any CPU
		{F793E6D4-1919-4E85-AB34-207233FE164A}.Release|x86.Build.0 = Release|Any CPU
		{B00E89F5-C156-4AAE-8BDF-D268DC1B87A1}.Debug|Any CPU.ActiveCfg = Debug|Any CPU
		{B00E89F5-C156-4AAE-8BDF-D268DC1B87A1}.Debug|Any CPU.Build.0 = Debug|Any CPU
		{B00E89F5-C156-4AAE-8BDF-D268DC1B87A1}.Debug|x64.ActiveCfg = Debug|Any CPU
		{B00E89F5-C156-4AAE-8BDF-D268DC1B87A1}.Debug|x64.Build.0 = Debug|Any CPU
		{B00E89F5-C156-4AAE-8BDF-D268DC1B87A1}.Debug|x86.ActiveCfg = Debug|Any CPU
		{B00E89F5-C156-4AAE-8BDF-D268DC1B87A1}.Debug|x86.Build.0 = Debug|Any CPU
		{B00E89F5-C156-4AAE-8BDF-D268DC1B87A1}.Release|Any CPU.ActiveCfg = Release|Any CPU
		{B00E89F5-C156-4AAE-8BDF-D268DC1B87A1}.Release|Any CPU.Build.0 = Release|Any CPU
		{B00E89F5-C156-4AAE-8BDF-D268DC1B87A1}.Release|x64.ActiveCfg = Release|Any CPU
		{B00E89F5-C156-4AAE-8BDF-D268DC1B87A1}.Release|x64.Build.0 = Release|Any CPU
		{B00E89F5-C156-4AAE-8BDF-D268DC1B87A1}.Release|x86.ActiveCfg = Release|Any CPU
		{B00E89F5-C156-4AAE-8BDF-D268DC1B87A1}.Release|x86.Build.0 = Release|Any CPU
		{9C0F1BBA-BBBC-47D2-94AD-F930D27B19A3}.Debug|Any CPU.ActiveCfg = Debug|Any CPU
		{9C0F1BBA-BBBC-47D2-94AD-F930D27B19A3}.Debug|Any CPU.Build.0 = Debug|Any CPU
		{9C0F1BBA-BBBC-47D2-94AD-F930D27B19A3}.Debug|x64.ActiveCfg = Debug|Any CPU
		{9C0F1BBA-BBBC-47D2-94AD-F930D27B19A3}.Debug|x64.Build.0 = Debug|Any CPU
		{9C0F1BBA-BBBC-47D2-94AD-F930D27B19A3}.Debug|x86.ActiveCfg = Debug|Any CPU
		{9C0F1BBA-BBBC-47D2-94AD-F930D27B19A3}.Debug|x86.Build.0 = Debug|Any CPU
		{9C0F1BBA-BBBC-47D2-94AD-F930D27B19A3}.Release|Any CPU.ActiveCfg = Release|Any CPU
		{9C0F1BBA-BBBC-47D2-94AD-F930D27B19A3}.Release|Any CPU.Build.0 = Release|Any CPU
		{9C0F1BBA-BBBC-47D2-94AD-F930D27B19A3}.Release|x64.ActiveCfg = Release|Any CPU
		{9C0F1BBA-BBBC-47D2-94AD-F930D27B19A3}.Release|x64.Build.0 = Release|Any CPU
		{9C0F1BBA-BBBC-47D2-94AD-F930D27B19A3}.Release|x86.ActiveCfg = Release|Any CPU
		{9C0F1BBA-BBBC-47D2-94AD-F930D27B19A3}.Release|x86.Build.0 = Release|Any CPU
		{3EC58502-E009-45C4-8997-0C93D068590B}.Debug|Any CPU.ActiveCfg = Debug|Any CPU
		{3EC58502-E009-45C4-8997-0C93D068590B}.Debug|Any CPU.Build.0 = Debug|Any CPU
		{3EC58502-E009-45C4-8997-0C93D068590B}.Debug|x64.ActiveCfg = Debug|Any CPU
		{3EC58502-E009-45C4-8997-0C93D068590B}.Debug|x64.Build.0 = Debug|Any CPU
		{3EC58502-E009-45C4-8997-0C93D068590B}.Debug|x86.ActiveCfg = Debug|Any CPU
		{3EC58502-E009-45C4-8997-0C93D068590B}.Debug|x86.Build.0 = Debug|Any CPU
		{3EC58502-E009-45C4-8997-0C93D068590B}.Release|Any CPU.ActiveCfg = Release|Any CPU
		{3EC58502-E009-45C4-8997-0C93D068590B}.Release|Any CPU.Build.0 = Release|Any CPU
		{3EC58502-E009-45C4-8997-0C93D068590B}.Release|x64.ActiveCfg = Release|Any CPU
		{3EC58502-E009-45C4-8997-0C93D068590B}.Release|x64.Build.0 = Release|Any CPU
		{3EC58502-E009-45C4-8997-0C93D068590B}.Release|x86.ActiveCfg = Release|Any CPU
		{3EC58502-E009-45C4-8997-0C93D068590B}.Release|x86.Build.0 = Release|Any CPU
	EndGlobalSection
	GlobalSection(SolutionProperties) = preSolution
		HideSolutionNode = FALSE
	EndGlobalSection
EndGlobal
