Microsoft Visual Studio Solution File, Format Version 12.00
# Visual Studio Version 17
VisualStudioVersion = 17.5.2.0
MinimumVisualStudioVersion = 10.0.40219.1
Project("{FAE04EC0-301F-11D3-BF4B-00C04F79EFBC}") = "Indentr.Data", "Indentr.Data.csproj", "{28BC284A-4029-7080-6733-798286B70802}"
EndProject
Global
	GlobalSection(SolutionConfigurationPlatforms) = preSolution
		Debug|Any CPU = Debug|Any CPU
		Release|Any CPU = Release|Any CPU
	EndGlobalSection
	GlobalSection(ProjectConfigurationPlatforms) = postSolution
		{28BC284A-4029-7080-6733-798286B70802}.Debug|Any CPU.ActiveCfg = Debug|Any CPU
		{28BC284A-4029-7080-6733-798286B70802}.Debug|Any CPU.Build.0 = Debug|Any CPU
		{28BC284A-4029-7080-6733-798286B70802}.Release|Any CPU.ActiveCfg = Release|Any CPU
		{28BC284A-4029-7080-6733-798286B70802}.Release|Any CPU.Build.0 = Release|Any CPU
	EndGlobalSection
	GlobalSection(SolutionProperties) = preSolution
		HideSolutionNode = FALSE
	EndGlobalSection
	GlobalSection(ExtensibilityGlobals) = postSolution
		SolutionGuid = {3D7D2648-E87B-4D8D-930C-D4F3751206DA}
	EndGlobalSection
EndGlobal
